
Microsoft Visual Studio Solution File, Format Version 11.00
# Visual C# Express 2010
Project("{FAE04EC0-301F-11D3-BF4B-00C04F79EFBC}") = "TaskMan", "TaskMan\TaskMan.csproj", "{14BF87DD-7380-445E-8631-B01B1423F59D}"
EndProject
Project("{FAE04EC0-301F-11D3-BF4B-00C04F79EFBC}") = "CustomGUIControls", "..\..\Libs\CustomGUIControls\CustomGUIControls\CustomGUIControls.csproj", "{F91150E1-EC12-4EE9-8714-FB7B8FB7B3E3}"
EndProject
Project("{FAE04EC0-301F-11D3-BF4B-00C04F79EFBC}") = "DBTaskMan", "..\..\Libs\DBTaskMan\DBTaskMan\DBTaskMan.csproj", "{37AB781E-951B-4421-B455-8D8F566F04B5}"
EndProject
Project("{FAE04EC0-301F-11D3-BF4B-00C04F79EFBC}") = "Utils", "..\..\Libs\Utils\Utils\Utils.csproj", "{5D132F11-63D5-42C1-AA61-90C94456B332}"
EndProject
Project("{FAE04EC0-301F-11D3-BF4B-00C04F79EFBC}") = "DBAccess", "..\..\Libs\DBAccess\DBAccess\DBAccess.csproj", "{EB360B2B-4693-4E21-8C4F-AF8E2B9DE9D6}"
EndProject
Project("{FAE04EC0-301F-11D3-BF4B-00C04F79EFBC}") = "PlanDisplay", "..\..\Libs\PlanDisplay\PlanDisplay.csproj", "{D9A10FC6-59BB-494C-A598-5EF1683819D4}"
EndProject
Global
	GlobalSection(SolutionConfigurationPlatforms) = preSolution
		Debug|Any CPU = Debug|Any CPU
		Debug|Mixed Platforms = Debug|Mixed Platforms
		Debug|Win32 = Debug|Win32
		Debug|x86 = Debug|x86
		Release|Any CPU = Release|Any CPU
		Release|Mixed Platforms = Release|Mixed Platforms
		Release|Win32 = Release|Win32
		Release|x86 = Release|x86
	EndGlobalSection
	GlobalSection(ProjectConfigurationPlatforms) = postSolution
		{14BF87DD-7380-445E-8631-B01B1423F59D}.Debug|Any CPU.ActiveCfg = Debug|x86
		{14BF87DD-7380-445E-8631-B01B1423F59D}.Debug|Mixed Platforms.ActiveCfg = Debug|x86
		{14BF87DD-7380-445E-8631-B01B1423F59D}.Debug|Mixed Platforms.Build.0 = Debug|x86
		{14BF87DD-7380-445E-8631-B01B1423F59D}.Debug|Win32.ActiveCfg = Debug|x86
		{14BF87DD-7380-445E-8631-B01B1423F59D}.Debug|x86.ActiveCfg = Debug|x86
		{14BF87DD-7380-445E-8631-B01B1423F59D}.Debug|x86.Build.0 = Debug|x86
		{14BF87DD-7380-445E-8631-B01B1423F59D}.Release|Any CPU.ActiveCfg = Release|x86
		{14BF87DD-7380-445E-8631-B01B1423F59D}.Release|Mixed Platforms.ActiveCfg = Release|x86
		{14BF87DD-7380-445E-8631-B01B1423F59D}.Release|Mixed Platforms.Build.0 = Release|x86
		{14BF87DD-7380-445E-8631-B01B1423F59D}.Release|Win32.ActiveCfg = Release|x86
		{14BF87DD-7380-445E-8631-B01B1423F59D}.Release|x86.ActiveCfg = Release|x86
		{14BF87DD-7380-445E-8631-B01B1423F59D}.Release|x86.Build.0 = Release|x86
		{F91150E1-EC12-4EE9-8714-FB7B8FB7B3E3}.Debug|Any CPU.ActiveCfg = Debug|Any CPU
		{F91150E1-EC12-4EE9-8714-FB7B8FB7B3E3}.Debug|Any CPU.Build.0 = Debug|Any CPU
		{F91150E1-EC12-4EE9-8714-FB7B8FB7B3E3}.Debug|Mixed Platforms.ActiveCfg = Debug|Any CPU
		{F91150E1-EC12-4EE9-8714-FB7B8FB7B3E3}.Debug|Mixed Platforms.Build.0 = Debug|Any CPU
		{F91150E1-EC12-4EE9-8714-FB7B8FB7B3E3}.Debug|Win32.ActiveCfg = Debug|Any CPU
		{F91150E1-EC12-4EE9-8714-FB7B8FB7B3E3}.Debug|x86.ActiveCfg = Debug|Any CPU
		{F91150E1-EC12-4EE9-8714-FB7B8FB7B3E3}.Release|Any CPU.ActiveCfg = Release|Any CPU
		{F91150E1-EC12-4EE9-8714-FB7B8FB7B3E3}.Release|Any CPU.Build.0 = Release|Any CPU
		{F91150E1-EC12-4EE9-8714-FB7B8FB7B3E3}.Release|Mixed Platforms.ActiveCfg = Release|Any CPU
		{F91150E1-EC12-4EE9-8714-FB7B8FB7B3E3}.Release|Mixed Platforms.Build.0 = Release|Any CPU
		{F91150E1-EC12-4EE9-8714-FB7B8FB7B3E3}.Release|Win32.ActiveCfg = Release|Any CPU
		{F91150E1-EC12-4EE9-8714-FB7B8FB7B3E3}.Release|x86.ActiveCfg = Release|Any CPU
		{37AB781E-951B-4421-B455-8D8F566F04B5}.Debug|Any CPU.ActiveCfg = Debug|Any CPU
		{37AB781E-951B-4421-B455-8D8F566F04B5}.Debug|Any CPU.Build.0 = Debug|Any CPU
		{37AB781E-951B-4421-B455-8D8F566F04B5}.Debug|Mixed Platforms.ActiveCfg = Debug|Any CPU
		{37AB781E-951B-4421-B455-8D8F566F04B5}.Debug|Mixed Platforms.Build.0 = Debug|Any CPU
		{37AB781E-951B-4421-B455-8D8F566F04B5}.Debug|Win32.ActiveCfg = Debug|Any CPU
		{37AB781E-951B-4421-B455-8D8F566F04B5}.Debug|x86.ActiveCfg = Debug|Any CPU
		{37AB781E-951B-4421-B455-8D8F566F04B5}.Release|Any CPU.ActiveCfg = Release|Any CPU
		{37AB781E-951B-4421-B455-8D8F566F04B5}.Release|Any CPU.Build.0 = Release|Any CPU
		{37AB781E-951B-4421-B455-8D8F566F04B5}.Release|Mixed Platforms.ActiveCfg = Release|Any CPU
		{37AB781E-951B-4421-B455-8D8F566F04B5}.Release|Mixed Platforms.Build.0 = Release|Any CPU
		{37AB781E-951B-4421-B455-8D8F566F04B5}.Release|Win32.ActiveCfg = Release|Any CPU
		{37AB781E-951B-4421-B455-8D8F566F04B5}.Release|x86.ActiveCfg = Release|Any CPU
		{5D132F11-63D5-42C1-AA61-90C94456B332}.Debug|Any CPU.ActiveCfg = Debug|Any CPU
		{5D132F11-63D5-42C1-AA61-90C94456B332}.Debug|Any CPU.Build.0 = Debug|Any CPU
		{5D132F11-63D5-42C1-AA61-90C94456B332}.Debug|Mixed Platforms.ActiveCfg = Debug|Any CPU
		{5D132F11-63D5-42C1-AA61-90C94456B332}.Debug|Mixed Platforms.Build.0 = Debug|Any CPU
		{5D132F11-63D5-42C1-AA61-90C94456B332}.Debug|Win32.ActiveCfg = Debug|Any CPU
		{5D132F11-63D5-42C1-AA61-90C94456B332}.Debug|x86.ActiveCfg = Debug|Any CPU
		{5D132F11-63D5-42C1-AA61-90C94456B332}.Release|Any CPU.ActiveCfg = Release|Any CPU
		{5D132F11-63D5-42C1-AA61-90C94456B332}.Release|Any CPU.Build.0 = Release|Any CPU
		{5D132F11-63D5-42C1-AA61-90C94456B332}.Release|Mixed Platforms.ActiveCfg = Release|Any CPU
		{5D132F11-63D5-42C1-AA61-90C94456B332}.Release|Mixed Platforms.Build.0 = Release|Any CPU
		{5D132F11-63D5-42C1-AA61-90C94456B332}.Release|Win32.ActiveCfg = Release|Any CPU
		{5D132F11-63D5-42C1-AA61-90C94456B332}.Release|x86.ActiveCfg = Release|Any CPU
		{EB360B2B-4693-4E21-8C4F-AF8E2B9DE9D6}.Debug|Any CPU.ActiveCfg = Debug|Any CPU
		{EB360B2B-4693-4E21-8C4F-AF8E2B9DE9D6}.Debug|Any CPU.Build.0 = Debug|Any CPU
		{EB360B2B-4693-4E21-8C4F-AF8E2B9DE9D6}.Debug|Mixed Platforms.ActiveCfg = Debug|Any CPU
		{EB360B2B-4693-4E21-8C4F-AF8E2B9DE9D6}.Debug|Mixed Platforms.Build.0 = Debug|Any CPU
		{EB360B2B-4693-4E21-8C4F-AF8E2B9DE9D6}.Debug|Win32.ActiveCfg = Debug|Any CPU
		{EB360B2B-4693-4E21-8C4F-AF8E2B9DE9D6}.Debug|x86.ActiveCfg = Debug|Any CPU
		{EB360B2B-4693-4E21-8C4F-AF8E2B9DE9D6}.Release|Any CPU.ActiveCfg = Release|Any CPU
		{EB360B2B-4693-4E21-8C4F-AF8E2B9DE9D6}.Release|Any CPU.Build.0 = Release|Any CPU
		{EB360B2B-4693-4E21-8C4F-AF8E2B9DE9D6}.Release|Mixed Platforms.ActiveCfg = Release|Any CPU
		{EB360B2B-4693-4E21-8C4F-AF8E2B9DE9D6}.Release|Mixed Platforms.Build.0 = Release|Any CPU
		{EB360B2B-4693-4E21-8C4F-AF8E2B9DE9D6}.Release|Win32.ActiveCfg = Release|Any CPU
		{EB360B2B-4693-4E21-8C4F-AF8E2B9DE9D6}.Release|x86.ActiveCfg = Release|Any CPU
		{D9A10FC6-59BB-494C-A598-5EF1683819D4}.Debug|Any CPU.ActiveCfg = Debug|Any CPU
		{D9A10FC6-59BB-494C-A598-5EF1683819D4}.Debug|Any CPU.Build.0 = Debug|Any CPU
		{D9A10FC6-59BB-494C-A598-5EF1683819D4}.Debug|Mixed Platforms.ActiveCfg = Debug|Any CPU
		{D9A10FC6-59BB-494C-A598-5EF1683819D4}.Debug|Mixed Platforms.Build.0 = Debug|Any CPU
		{D9A10FC6-59BB-494C-A598-5EF1683819D4}.Debug|Win32.ActiveCfg = Debug|Any CPU
		{D9A10FC6-59BB-494C-A598-5EF1683819D4}.Debug|x86.ActiveCfg = Debug|Any CPU
		{D9A10FC6-59BB-494C-A598-5EF1683819D4}.Release|Any CPU.ActiveCfg = Release|Any CPU
		{D9A10FC6-59BB-494C-A598-5EF1683819D4}.Release|Any CPU.Build.0 = Release|Any CPU
		{D9A10FC6-59BB-494C-A598-5EF1683819D4}.Release|Mixed Platforms.ActiveCfg = Release|Any CPU
		{D9A10FC6-59BB-494C-A598-5EF1683819D4}.Release|Mixed Platforms.Build.0 = Release|Any CPU
		{D9A10FC6-59BB-494C-A598-5EF1683819D4}.Release|Win32.ActiveCfg = Release|Any CPU
		{D9A10FC6-59BB-494C-A598-5EF1683819D4}.Release|x86.ActiveCfg = Release|Any CPU
	EndGlobalSection
	GlobalSection(SolutionProperties) = preSolution
		HideSolutionNode = FALSE
	EndGlobalSection
EndGlobal
