
Microsoft Visual Studio Solution File, Format Version 12.00
# Visual Studio Version 18
VisualStudioVersion = 18.8.12021.73 stable
MinimumVisualStudioVersion = 10.0.40219.1
Project("{FAE04EC0-301F-11D3-BF4B-00C04F79EFBC}") = "TaskMan", "TaskMan\TaskMan.csproj", "{14BF87DD-7380-445E-8631-B01B1423F59D}"
EndProject
Project("{FAE04EC0-301F-11D3-BF4B-00C04F79EFBC}") = "Utils", "..\..\Libs\Utils\Utils\Utils.csproj", "{5D132F11-63D5-42C1-AA61-90C94456B332}"
EndProject
Project("{FAE04EC0-301F-11D3-BF4B-00C04F79EFBC}") = "PlanDisplay", "..\..\Libs\PlanDisplay\PlanDisplay.csproj", "{D9A10FC6-59BB-494C-A598-5EF1683819D4}"
EndProject
Project("{FAE04EC0-301F-11D3-BF4B-00C04F79EFBC}") = "DBTaskMan", "..\..\Libs\DBTaskMan\DBTaskMan\DBTaskMan.csproj", "{37AB781E-951B-4421-B455-8D8F566F04B5}"
EndProject
Project("{FAE04EC0-301F-11D3-BF4B-00C04F79EFBC}") = "DBAccess", "..\..\Libs\DBAccess\DBAccess\DBAccess.csproj", "{EB360B2B-4693-4E21-8C4F-AF8E2B9DE9D6}"
EndProject
Project("{FAE04EC0-301F-11D3-BF4B-00C04F79EFBC}") = "CustomGUIControls", "..\..\Libs\CustomGUIControls\CustomGUIControls\CustomGUIControls.csproj", "{F91150E1-EC12-4EE9-8714-FB7B8FB7B3E3}"
EndProject
Project("{2150E333-8FDC-42A3-9474-1A3956D46DE8}") = "Solution Items", "Solution Items", "{D801110C-0B45-432C-B8A6-DB25CDEAC095}"
	ProjectSection(SolutionItems) = preProject
		Performance1.psess = Performance1.psess
	EndProjectSection
EndProject
Project("{FAE04EC0-301F-11D3-BF4B-00C04F79EFBC}") = "SimpleSecurity", "..\..\Libs\SimpleSecurity\SimpleSecurity\SimpleSecurity.csproj", "{3645C300-B3FC-4B54-902B-7D5C8C5B8903}"
EndProject
Global
	GlobalSection(SolutionConfigurationPlatforms) = preSolution
		Debug|x64 = Debug|x64
		Release|x64 = Release|x64
	EndGlobalSection
	GlobalSection(ProjectConfigurationPlatforms) = postSolution
		{14BF87DD-7380-445E-8631-B01B1423F59D}.Debug|x64.ActiveCfg = Debug|x64
		{14BF87DD-7380-445E-8631-B01B1423F59D}.Debug|x64.Build.0 = Debug|x64
		{14BF87DD-7380-445E-8631-B01B1423F59D}.Release|x64.ActiveCfg = Release|x64
		{14BF87DD-7380-445E-8631-B01B1423F59D}.Release|x64.Build.0 = Release|x64
		{5D132F11-63D5-42C1-AA61-90C94456B332}.Debug|x64.ActiveCfg = Debug|x64
		{5D132F11-63D5-42C1-AA61-90C94456B332}.Debug|x64.Build.0 = Debug|x64
		{5D132F11-63D5-42C1-AA61-90C94456B332}.Release|x64.ActiveCfg = Release|x64
		{5D132F11-63D5-42C1-AA61-90C94456B332}.Release|x64.Build.0 = Release|x64
		{D9A10FC6-59BB-494C-A598-5EF1683819D4}.Debug|x64.ActiveCfg = Debug|x64
		{D9A10FC6-59BB-494C-A598-5EF1683819D4}.Debug|x64.Build.0 = Debug|x64
		{D9A10FC6-59BB-494C-A598-5EF1683819D4}.Release|x64.ActiveCfg = Release|x64
		{D9A10FC6-59BB-494C-A598-5EF1683819D4}.Release|x64.Build.0 = Release|x64
		{37AB781E-951B-4421-B455-8D8F566F04B5}.Debug|x64.ActiveCfg = Debug|x64
		{37AB781E-951B-4421-B455-8D8F566F04B5}.Debug|x64.Build.0 = Debug|x64
		{37AB781E-951B-4421-B455-8D8F566F04B5}.Release|x64.ActiveCfg = Release|x64
		{37AB781E-951B-4421-B455-8D8F566F04B5}.Release|x64.Build.0 = Release|x64
		{EB360B2B-4693-4E21-8C4F-AF8E2B9DE9D6}.Debug|x64.ActiveCfg = Debug|x64
		{EB360B2B-4693-4E21-8C4F-AF8E2B9DE9D6}.Debug|x64.Build.0 = Debug|x64
		{EB360B2B-4693-4E21-8C4F-AF8E2B9DE9D6}.Release|x64.ActiveCfg = Release|x64
		{EB360B2B-4693-4E21-8C4F-AF8E2B9DE9D6}.Release|x64.Build.0 = Release|x64
		{F91150E1-EC12-4EE9-8714-FB7B8FB7B3E3}.Debug|x64.ActiveCfg = Debug|x64
		{F91150E1-EC12-4EE9-8714-FB7B8FB7B3E3}.Debug|x64.Build.0 = Debug|x64
		{F91150E1-EC12-4EE9-8714-FB7B8FB7B3E3}.Release|x64.ActiveCfg = Release|x64
		{F91150E1-EC12-4EE9-8714-FB7B8FB7B3E3}.Release|x64.Build.0 = Release|x64
		{3645C300-B3FC-4B54-902B-7D5C8C5B8903}.Debug|x64.ActiveCfg = Debug|x64
		{3645C300-B3FC-4B54-902B-7D5C8C5B8903}.Debug|x64.Build.0 = Debug|x64
		{3645C300-B3FC-4B54-902B-7D5C8C5B8903}.Release|x64.ActiveCfg = Release|x64
		{3645C300-B3FC-4B54-902B-7D5C8C5B8903}.Release|x64.Build.0 = Release|x64
	EndGlobalSection
	GlobalSection(SolutionProperties) = preSolution
		HideSolutionNode = FALSE
	EndGlobalSection
EndGlobal
